// !$*UTF8*$!
{
	archiveVersion = 1;
	classes = {
	};
	objectVersion = 56;
	objects = {

/* Begin PBXBuildFile section */
		C33ED4222A5C46BA0049448D /* WeatherService.swift in Sources */ = {isa = PBXBuildFile; fileRef = C33ED4212A5C46BA0049448D /* WeatherService.swift */; };
		C33ED4252A5C4AE40049448D /* secrets.swift in Sources */ = {isa = PBXBuildFile; fileRef = C33ED4242A5C4AE40049448D /* secrets.swift */; };
		C33ED42C2A5C89C00049448D /* LocationRepo.swift in Sources */ = {isa = PBXBuildFile; fileRef = C33ED42B2A5C89C00049448D /* LocationRepo.swift */; };
		C33ED42E2A5C8C730049448D /* WeatherResponse.swift in Sources */ = {isa = PBXBuildFile; fileRef = C33ED42D2A5C8C730049448D /* WeatherResponse.swift */; };
		C33ED4302A5D51AF0049448D /* HomeViewModel.swift in Sources */ = {isa = PBXBuildFile; fileRef = C33ED42F2A5D51AF0049448D /* HomeViewModel.swift */; };
		C33ED4322A5D51E40049448D /* WeatherRepo.swift in Sources */ = {isa = PBXBuildFile; fileRef = C33ED4312A5D51E40049448D /* WeatherRepo.swift */; };
		C33ED4342A5E9CFA0049448D /* WeatherForcastDTO.swift in Sources */ = {isa = PBXBuildFile; fileRef = C33ED4332A5E9CFA0049448D /* WeatherForcastDTO.swift */; };
		C33ED4392A5EA4BC0049448D /* forecast.json in Resources */ = {isa = PBXBuildFile; fileRef = C33ED4382A5EA4BC0049448D /* forecast.json */; };
		C3444F0C2A5C3DD100AA378B /* swifty_weatherApp.swift in Sources */ = {isa = PBXBuildFile; fileRef = C3444F0B2A5C3DD100AA378B /* swifty_weatherApp.swift */; };
		C3444F0E2A5C3DD100AA378B /* HomeView.swift in Sources */ = {isa = PBXBuildFile; fileRef = C3444F0D2A5C3DD100AA378B /* HomeView.swift */; };
		C3444F102A5C3DD200AA378B /* Assets.xcassets in Resources */ = {isa = PBXBuildFile; fileRef = C3444F0F2A5C3DD200AA378B /* Assets.xcassets */; };
		C3444F132A5C3DD200AA378B /* Preview Assets.xcassets in Resources */ = {isa = PBXBuildFile; fileRef = C3444F122A5C3DD200AA378B /* Preview Assets.xcassets */; };
		C3E0BBC42A60028400DF4F53 /* WeatherForecastDTOFactory.swift in Sources */ = {isa = PBXBuildFile; fileRef = C3E0BBC32A60028400DF4F53 /* WeatherForecastDTOFactory.swift */; };
/* End PBXBuildFile section */

/* Begin PBXFileReference section */
		C33ED4212A5C46BA0049448D /* WeatherService.swift */ = {isa = PBXFileReference; lastKnownFileType = sourcecode.swift; path = WeatherService.swift; sourceTree = "<group>"; };
		C33ED4242A5C4AE40049448D /* secrets.swift */ = {isa = PBXFileReference; lastKnownFileType = sourcecode.swift; path = secrets.swift; sourceTree = "<group>"; };
		C33ED42B2A5C89C00049448D /* LocationRepo.swift */ = {isa = PBXFileReference; lastKnownFileType = sourcecode.swift; path = LocationRepo.swift; sourceTree = "<group>"; };
		C33ED42D2A5C8C730049448D /* WeatherResponse.swift */ = {isa = PBXFileReference; lastKnownFileType = sourcecode.swift; path = WeatherResponse.swift; sourceTree = "<group>"; };
		C33ED42F2A5D51AF0049448D /* HomeViewModel.swift */ = {isa = PBXFileReference; lastKnownFileType = sourcecode.swift; path = HomeViewModel.swift; sourceTree = "<group>"; };
		C33ED4312A5D51E40049448D /* WeatherRepo.swift */ = {isa = PBXFileReference; lastKnownFileType = sourcecode.swift; path = WeatherRepo.swift; sourceTree = "<group>"; };
		C33ED4332A5E9CFA0049448D /* WeatherForcastDTO.swift */ = {isa = PBXFileReference; lastKnownFileType = sourcecode.swift; path = WeatherForcastDTO.swift; sourceTree = "<group>"; };
		C33ED4382A5EA4BC0049448D /* forecast.json */ = {isa = PBXFileReference; fileEncoding = 4; lastKnownFileType = text.json; path = forecast.json; sourceTree = "<group>"; };
		C3444F082A5C3DD100AA378B /* swifty_weather.app */ = {isa = PBXFileReference; explicitFileType = wrapper.application; includeInIndex = 0; path = swifty_weather.app; sourceTree = BUILT_PRODUCTS_DIR; };
		C3444F0B2A5C3DD100AA378B /* swifty_weatherApp.swift */ = {isa = PBXFileReference; lastKnownFileType = sourcecode.swift; path = swifty_weatherApp.swift; sourceTree = "<group>"; };
		C3444F0D2A5C3DD100AA378B /* HomeView.swift */ = {isa = PBXFileReference; lastKnownFileType = sourcecode.swift; path = HomeView.swift; sourceTree = "<group>"; };
		C3444F0F2A5C3DD200AA378B /* Assets.xcassets */ = {isa = PBXFileReference; lastKnownFileType = folder.assetcatalog; path = Assets.xcassets; sourceTree = "<group>"; };
		C3444F122A5C3DD200AA378B /* Preview Assets.xcassets */ = {isa = PBXFileReference; lastKnownFileType = folder.assetcatalog; path = "Preview Assets.xcassets"; sourceTree = "<group>"; };
		C3E0BBC32A60028400DF4F53 /* WeatherForecastDTOFactory.swift */ = {isa = PBXFileReference; lastKnownFileType = sourcecode.swift; path = WeatherForecastDTOFactory.swift; sourceTree = "<group>"; };
/* End PBXFileReference section */

/* Begin PBXFrameworksBuildPhase section */
		C3444F052A5C3DD100AA378B /* Frameworks */ = {
			isa = PBXFrameworksBuildPhase;
			buildActionMask = 2147483647;
			files = (
			);
			runOnlyForDeploymentPostprocessing = 0;
		};
/* End PBXFrameworksBuildPhase section */

/* Begin PBXGroup section */
		C33ED41F2A5C46880049448D /* Data */ = {
			isa = PBXGroup;
			children = (
				C33ED42A2A5C89990049448D /* Local */,
				C33ED4202A5C469D0049448D /* Remote */,
			);
			path = Data;
			sourceTree = "<group>";
		};
		C33ED4202A5C469D0049448D /* Remote */ = {
			isa = PBXGroup;
			children = (
				C33ED4212A5C46BA0049448D /* WeatherService.swift */,
				C33ED42D2A5C8C730049448D /* WeatherResponse.swift */,
			);
			path = Remote;
			sourceTree = "<group>";
		};
		C33ED4232A5C4A620049448D /* Views */ = {
			isa = PBXGroup;
			children = (
				C3444F0D2A5C3DD100AA378B /* HomeView.swift */,
				C33ED42F2A5D51AF0049448D /* HomeViewModel.swift */,
			);
			path = Views;
			sourceTree = "<group>";
		};
		C33ED42A2A5C89990049448D /* Local */ = {
			isa = PBXGroup;
			children = (
				C33ED42B2A5C89C00049448D /* LocationRepo.swift */,
				C33ED4312A5D51E40049448D /* WeatherRepo.swift */,
				C33ED4332A5E9CFA0049448D /* WeatherForcastDTO.swift */,
				C3E0BBC32A60028400DF4F53 /* WeatherForecastDTOFactory.swift */,
			);
			path = Local;
			sourceTree = "<group>";
		};
		C33ED4352A5EA42E0049448D /* TestJSON */ = {
			isa = PBXGroup;
			children = (
				C33ED4382A5EA4BC0049448D /* forecast.json */,
			);
			path = TestJSON;
			sourceTree = "<group>";
		};
		C3444EFF2A5C3DD100AA378B = {
			isa = PBXGroup;
			children = (
				C3444F0A2A5C3DD100AA378B /* swifty_weather */,
				C3444F092A5C3DD100AA378B /* Products */,
			);
			sourceTree = "<group>";
		};
		C3444F092A5C3DD100AA378B /* Products */ = {
			isa = PBXGroup;
			children = (
				C3444F082A5C3DD100AA378B /* swifty_weather.app */,
			);
			name = Products;
			sourceTree = "<group>";
		};
		C3444F0A2A5C3DD100AA378B /* swifty_weather */ = {
			isa = PBXGroup;
			children = (
				C33ED4352A5EA42E0049448D /* TestJSON */,
				C33ED4232A5C4A620049448D /* Views */,
				C33ED41F2A5C46880049448D /* Data */,
				C3444F0B2A5C3DD100AA378B /* swifty_weatherApp.swift */,
				C3444F0F2A5C3DD200AA378B /* Assets.xcassets */,
				C3444F112A5C3DD200AA378B /* Preview Content */,
				C33ED4242A5C4AE40049448D /* secrets.swift */,
			);
			path = swifty_weather;
			sourceTree = "<group>";
		};
		C3444F112A5C3DD200AA378B /* Preview Content */ = {
			isa = PBXGroup;
			children = (
				C3444F122A5C3DD200AA378B /* Preview Assets.xcassets */,
			);
			path = "Preview Content";
			sourceTree = "<group>";
		};
/* End PBXGroup section */

/* Begin PBXNativeTarget section */
		C3444F072A5C3DD100AA378B /* swifty_weather */ = {
			isa = PBXNativeTarget;
			buildConfigurationList = C3444F162A5C3DD200AA378B /* Build configuration list for PBXNativeTarget "swifty_weather" */;
			buildPhases = (
				C3444F042A5C3DD100AA378B /* Sources */,
				C3444F052A5C3DD100AA378B /* Frameworks */,
				C3444F062A5C3DD100AA378B /* Resources */,
			);
			buildRules = (
			);
			dependencies = (
			);
			name = swifty_weather;
			productName = swifty_weather;
			productReference = C3444F082A5C3DD100AA378B /* swifty_weather.app */;
			productType = "com.apple.product-type.application";
		};
/* End PBXNativeTarget section */

/* Begin PBXProject section */
		C3444F002A5C3DD100AA378B /* Project object */ = {
			isa = PBXProject;
			attributes = {
				BuildIndependentTargetsInParallel = 1;
				LastSwiftUpdateCheck = 1430;
				LastUpgradeCheck = 1430;
				TargetAttributes = {
					C3444F072A5C3DD100AA378B = {
						CreatedOnToolsVersion = 14.3.1;
					};
				};
			};
			buildConfigurationList = C3444F032A5C3DD100AA378B /* Build configuration list for PBXProject "swifty_weather" */;
			compatibilityVersion = "Xcode 14.0";
			developmentRegion = en;
			hasScannedForEncodings = 0;
			knownRegions = (
				en,
				Base,
			);
			mainGroup = C3444EFF2A5C3DD100AA378B;
			productRefGroup = C3444F092A5C3DD100AA378B /* Products */;
			projectDirPath = "";
			projectRoot = "";
			targets = (
				C3444F072A5C3DD100AA378B /* swifty_weather */,
			);
		};
/* End PBXProject section */

/* Begin PBXResourcesBuildPhase section */
		C3444F062A5C3DD100AA378B /* Resources */ = {
			isa = PBXResourcesBuildPhase;
			buildActionMask = 2147483647;
			files = (
				C3444F132A5C3DD200AA378B /* Preview Assets.xcassets in Resources */,
				C3444F102A5C3DD200AA378B /* Assets.xcassets in Resources */,
				C33ED4392A5EA4BC0049448D /* forecast.json in Resources */,
			);
			runOnlyForDeploymentPostprocessing = 0;
		};
/* End PBXResourcesBuildPhase section */

/* Begin PBXSourcesBuildPhase section */
		C3444F042A5C3DD100AA378B /* Sources */ = {
			isa = PBXSourcesBuildPhase;
			buildActionMask = 2147483647;
			files = (
				C3444F0E2A5C3DD100AA378B /* HomeView.swift in Sources */,
				C33ED42E2A5C8C730049448D /* WeatherResponse.swift in Sources */,
				C33ED4342A5E9CFA0049448D /* WeatherForcastDTO.swift in Sources */,
				C33ED4322A5D51E40049448D /* WeatherRepo.swift in Sources */,
				C3E0BBC42A60028400DF4F53 /* WeatherForecastDTOFactory.swift in Sources */,
				C33ED4302A5D51AF0049448D /* HomeViewModel.swift in Sources */,
				C33ED4252A5C4AE40049448D /* secrets.swift in Sources */,
				C33ED4222A5C46BA0049448D /* WeatherService.swift in Sources */,
				C3444F0C2A5C3DD100AA378B /* swifty_weatherApp.swift in Sources */,
				C33ED42C2A5C89C00049448D /* LocationRepo.swift in Sources */,
			);
			runOnlyForDeploymentPostprocessing = 0;
		};
/* End PBXSourcesBuildPhase section */

/* Begin XCBuildConfiguration section */
		C3444F142A5C3DD200AA378B /* Debug */ = {
			isa = XCBuildConfiguration;
			buildSettings = {
				ALWAYS_SEARCH_USER_PATHS = NO;
				CLANG_ANALYZER_NONNULL = YES;
				CLANG_ANALYZER_NUMBER_OBJECT_CONVERSION = YES_AGGRESSIVE;
				CLANG_CXX_LANGUAGE_STANDARD = "gnu++20";
				CLANG_ENABLE_MODULES = YES;
				CLANG_ENABLE_OBJC_ARC = YES;
				CLANG_ENABLE_OBJC_WEAK = YES;
				CLANG_WARN_BLOCK_CAPTURE_AUTORELEASING = YES;
				CLANG_WARN_BOOL_CONVERSION = YES;
				CLANG_WARN_COMMA = YES;
				CLANG_WARN_CONSTANT_CONVERSION = YES;
				CLANG_WARN_DEPRECATED_OBJC_IMPLEMENTATIONS = YES;
				CLANG_WARN_DIRECT_OBJC_ISA_USAGE = YES_ERROR;
				CLANG_WARN_DOCUMENTATION_COMMENTS = YES;
				CLANG_WARN_EMPTY_BODY = YES;
				CLANG_WARN_ENUM_CONVERSION = YES;
				CLANG_WARN_INFINITE_RECURSION = YES;
				CLANG_WARN_INT_CONVERSION = YES;
				CLANG_WARN_NON_LITERAL_NULL_CONVERSION = YES;
				CLANG_WARN_OBJC_IMPLICIT_RETAIN_SELF = YES;
				CLANG_WARN_OBJC_LITERAL_CONVERSION = YES;
				CLANG_WARN_OBJC_ROOT_CLASS = YES_ERROR;
				CLANG_WARN_QUOTED_INCLUDE_IN_FRAMEWORK_HEADER = YES;
				CLANG_WARN_RANGE_LOOP_ANALYSIS = YES;
				CLANG_WARN_STRICT_PROTOTYPES = YES;
				CLANG_WARN_SUSPICIOUS_MOVE = YES;
				CLANG_WARN_UNGUARDED_AVAILABILITY = YES_AGGRESSIVE;
				CLANG_WARN_UNREACHABLE_CODE = YES;
				CLANG_WARN__DUPLICATE_METHOD_MATCH = YES;
				COPY_PHASE_STRIP = NO;
				DEBUG_INFORMATION_FORMAT = dwarf;
				ENABLE_STRICT_OBJC_MSGSEND = YES;
				ENABLE_TESTABILITY = YES;
				GCC_C_LANGUAGE_STANDARD = gnu11;
				GCC_DYNAMIC_NO_PIC = NO;
				GCC_NO_COMMON_BLOCKS = YES;
				GCC_OPTIMIZATION_LEVEL = 0;
				GCC_PREPROCESSOR_DEFINITIONS = (
					"DEBUG=1",
					"$(inherited)",
				);
				GCC_WARN_64_TO_32_BIT_CONVERSION = YES;
				GCC_WARN_ABOUT_RETURN_TYPE = YES_ERROR;
				GCC_WARN_UNDECLARED_SELECTOR = YES;
				GCC_WARN_UNINITIALIZED_AUTOS = YES_AGGRESSIVE;
				GCC_WARN_UNUSED_FUNCTION = YES;
				GCC_WARN_UNUSED_VARIABLE = YES;
				IPHONEOS_DEPLOYMENT_TARGET = 16.4;
				MTL_ENABLE_DEBUG_INFO = INCLUDE_SOURCE;
				MTL_FAST_MATH = YES;
				ONLY_ACTIVE_ARCH = YES;
				SDKROOT = iphoneos;
				SWIFT_ACTIVE_COMPILATION_CONDITIONS = DEBUG;
				SWIFT_OPTIMIZATION_LEVEL = "-Onone";
			};
			name = Debug;
		};
		C3444F152A5C3DD200AA378B /* Release */ = {
			isa = XCBuildConfiguration;
			buildSettings = {
				ALWAYS_SEARCH_USER_PATHS = NO;
				CLANG_ANALYZER_NONNULL = YES;
				CLANG_ANALYZER_NUMBER_OBJECT_CONVERSION = YES_AGGRESSIVE;
				CLANG_CXX_LANGUAGE_STANDARD = "gnu++20";
				CLANG_ENABLE_MODULES = YES;
				CLANG_ENABLE_OBJC_ARC = YES;
				CLANG_ENABLE_OBJC_WEAK = YES;
				CLANG_WARN_BLOCK_CAPTURE_AUTORELEASING = YES;
				CLANG_WARN_BOOL_CONVERSION = YES;
				CLANG_WARN_COMMA = YES;
				CLANG_WARN_CONSTANT_CONVERSION = YES;
				CLANG_WARN_DEPRECATED_OBJC_IMPLEMENTATIONS = YES;
				CLANG_WARN_DIRECT_OBJC_ISA_USAGE = YES_ERROR;
				CLANG_WARN_DOCUMENTATION_COMMENTS = YES;
				CLANG_WARN_EMPTY_BODY = YES;
				CLANG_WARN_ENUM_CONVERSION = YES;
				CLANG_WARN_INFINITE_RECURSION = YES;
				CLANG_WARN_INT_CONVERSION = YES;
				CLANG_WARN_NON_LITERAL_NULL_CONVERSION = YES;
				CLANG_WARN_OBJC_IMPLICIT_RETAIN_SELF = YES;
				CLANG_WARN_OBJC_LITERAL_CONVERSION = YES;
				CLANG_WARN_OBJC_ROOT_CLASS = YES_ERROR;
				CLANG_WARN_QUOTED_INCLUDE_IN_FRAMEWORK_HEADER = YES;
				CLANG_WARN_RANGE_LOOP_ANALYSIS = YES;
				CLANG_WARN_STRICT_PROTOTYPES = YES;
				CLANG_WARN_SUSPICIOUS_MOVE = YES;
				CLANG_WARN_UNGUARDED_AVAILABILITY = YES_AGGRESSIVE;
				CLANG_WARN_UNREACHABLE_CODE = YES;
				CLANG_WARN__DUPLICATE_METHOD_MATCH = YES;
				COPY_PHASE_STRIP = NO;
				DEBUG_INFORMATION_FORMAT = "dwarf-with-dsym";
				ENABLE_NS_ASSERTIONS = NO;
				ENABLE_STRICT_OBJC_MSGSEND = YES;
				GCC_C_LANGUAGE_STANDARD = gnu11;
				GCC_NO_COMMON_BLOCKS = YES;
				GCC_WARN_64_TO_32_BIT_CONVERSION = YES;
				GCC_WARN_ABOUT_RETURN_TYPE = YES_ERROR;
				GCC_WARN_UNDECLARED_SELECTOR = YES;
				GCC_WARN_UNINITIALIZED_AUTOS = YES_AGGRESSIVE;
				GCC_WARN_UNUSED_FUNCTION = YES;
				GCC_WARN_UNUSED_VARIABLE = YES;
				IPHONEOS_DEPLOYMENT_TARGET = 16.4;
				MTL_ENABLE_DEBUG_INFO = NO;
				MTL_FAST_MATH = YES;
				SDKROOT = iphoneos;
				SWIFT_COMPILATION_MODE = wholemodule;
				SWIFT_OPTIMIZATION_LEVEL = "-O";
				VALIDATE_PRODUCT = YES;
			};
			name = Release;
		};
		C3444F172A5C3DD200AA378B /* Debug */ = {
			isa = XCBuildConfiguration;
			buildSettings = {
				ASSETCATALOG_COMPILER_APPICON_NAME = AppIcon;
				ASSETCATALOG_COMPILER_GLOBAL_ACCENT_COLOR_NAME = AccentColor;
				CODE_SIGN_STYLE = Automatic;
				CURRENT_PROJECT_VERSION = 1;
				DEVELOPMENT_ASSET_PATHS = "\"swifty_weather/Preview Content\"";
				DEVELOPMENT_TEAM = LEF7JX8LTJ;
				ENABLE_PREVIEWS = YES;
				GENERATE_INFOPLIST_FILE = YES;
				INFOPLIST_KEY_UIApplicationSceneManifest_Generation = YES;
				INFOPLIST_KEY_UIApplicationSupportsIndirectInputEvents = YES;
				INFOPLIST_KEY_UILaunchScreen_Generation = YES;
				INFOPLIST_KEY_UISupportedInterfaceOrientations_iPad = "UIInterfaceOrientationPortrait UIInterfaceOrientationPortraitUpsideDown UIInterfaceOrientationLandscapeLeft UIInterfaceOrientationLandscapeRight";
				INFOPLIST_KEY_UISupportedInterfaceOrientations_iPhone = "UIInterfaceOrientationPortrait UIInterfaceOrientationLandscapeLeft UIInterfaceOrientationLandscapeRight";
				LD_RUNPATH_SEARCH_PATHS = (
					"$(inherited)",
					"@executable_path/Frameworks",
				);
				MARKETING_VERSION = 1.0;
				PRODUCT_BUNDLE_IDENTIFIER = "com.supermassivecode.swifty-weather";
				PRODUCT_NAME = "$(TARGET_NAME)";
				SWIFT_EMIT_LOC_STRINGS = YES;
				SWIFT_VERSION = 5.0;
				TARGETED_DEVICE_FAMILY = "1,2";
			};
			name = Debug;
		};
		C3444F182A5C3DD200AA378B /* Release */ = {
			isa = XCBuildConfiguration;
			buildSettings = {
				ASSETCATALOG_COMPILER_APPICON_NAME = AppIcon;
				ASSETCATALOG_COMPILER_GLOBAL_ACCENT_COLOR_NAME = AccentColor;
				CODE_SIGN_STYLE = Automatic;
				CURRENT_PROJECT_VERSION = 1;
				DEVELOPMENT_ASSET_PATHS = "\"swifty_weather/Preview Content\"";
				DEVELOPMENT_TEAM = LEF7JX8LTJ;
				ENABLE_PREVIEWS = YES;
				GENERATE_INFOPLIST_FILE = YES;
				INFOPLIST_KEY_UIApplicationSceneManifest_Generation = YES;
				INFOPLIST_KEY_UIApplicationSupportsIndirectInputEvents = YES;
				INFOPLIST_KEY_UILaunchScreen_Generation = YES;
				INFOPLIST_KEY_UISupportedInterfaceOrientations_iPad = "UIInterfaceOrientationPortrait UIInterfaceOrientationPortraitUpsideDown UIInterfaceOrientationLandscapeLeft UIInterfaceOrientationLandscapeRight";
				INFOPLIST_KEY_UISupportedInterfaceOrientations_iPhone = "UIInterfaceOrientationPortrait UIInterfaceOrientationLandscapeLeft UIInterfaceOrientationLandscapeRight";
				LD_RUNPATH_SEARCH_PATHS = (
					"$(inherited)",
					"@executable_path/Frameworks",
				);
				MARKETING_VERSION = 1.0;
				PRODUCT_BUNDLE_IDENTIFIER = "com.supermassivecode.swifty-weather";
				PRODUCT_NAME = "$(TARGET_NAME)";
				SWIFT_EMIT_LOC_STRINGS = YES;
				SWIFT_VERSION = 5.0;
				TARGETED_DEVICE_FAMILY = "1,2";
			};
			name = Release;
		};
/* End XCBuildConfiguration section */

/* Begin XCConfigurationList section */
		C3444F032A5C3DD100AA378B /* Build configuration list for PBXProject "swifty_weather" */ = {
			isa = XCConfigurationList;
			buildConfigurations = (
				C3444F142A5C3DD200AA378B /* Debug */,
				C3444F152A5C3DD200AA378B /* Release */,
			);
			defaultConfigurationIsVisible = 0;
			defaultConfigurationName = Release;
		};
		C3444F162A5C3DD200AA378B /* Build configuration list for PBXNativeTarget "swifty_weather" */ = {
			isa = XCConfigurationList;
			buildConfigurations = (
				C3444F172A5C3DD200AA378B /* Debug */,
				C3444F182A5C3DD200AA378B /* Release */,
			);
			defaultConfigurationIsVisible = 0;
			defaultConfigurationName = Release;
		};
/* End XCConfigurationList section */
	};
	rootObject = C3444F002A5C3DD100AA378B /* Project object */;
}
